{
  "name": "productivity_chaincode",
  "version": "1.0.0",
  "lockfileVersion": 1,
  "requires": true,
  "dependencies": {
    "fabric-contract-api": {
      "version": "1.4.0",
      "resolved": "https://registry.npmjs.org/fabric-contract-api/-/fabric-contract-api-1.4.0.tgz",
      "integrity": "sha512-Vw0JGBDN+imabGmJD5o1+2T5Z7K6j3atGrWr2duCdzUsj54atgDvIpZ/zdeW2BQFm84CDEcLkd7XHli/hxGbgQ==",
      "requires": {
        "get-params": "0.1.2",
        "reflect-metadata": "0.1.13"
      }
    },
    "get-params": {
      "version": "0.1.2",
      "resolved": "https://registry.npmjs.org/get-params/-/get-params-0.1.2.tgz",
      "integrity": "sha1-uuDfq6WIoMYNeDTA2Nwv9g7u8v4="
    },
    "reflect-metadata": {
      "version": "0.1.13",
      "resolved": "https://registry.npmjs.org/reflect-metadata/-/reflect-metadata-0.1.13.tgz",
      "integrity": "sha512-Ts1Y/anZELhSsjMcU605fU9RE4Oi3p5ORujwbIKXfWa+0Zxs510Qrmrce5/Jowq3cHSZSJqBjypxmHarc+vEWg=="
    }
  }
}
